
Microsoft Visual Studio Solution File, Format Version 12.00
# Visual Studio Version 17
VisualStudioVersion = 17.7.34031.279
MinimumVisualStudioVersion = 10.0.40219.1
Project("{FAE04EC0-301F-11D3-BF4B-00C04F79EFBC}") = "Interpolation by splines", "Interpolation by splines\Interpolation by splines.csproj", "{EE11DC1D-7AC2-448A-98FA-A74BE0541BB0}"
EndProject
Global
	GlobalSection(SolutionConfigurationPlatforms) = preSolution
		Debug|Any CPU = Debug|Any CPU
		Release|Any CPU = Release|Any CPU
	EndGlobalSection
	GlobalSection(ProjectConfigurationPlatforms) = postSolution
		{EE11DC1D-7AC2-448A-98FA-A74BE0541BB0}.Debug|Any CPU.ActiveCfg = Debug|Any CPU
		{EE11DC1D-7AC2-448A-98FA-A74BE0541BB0}.Debug|Any CPU.Build.0 = Debug|Any CPU
		{EE11DC1D-7AC2-448A-98FA-A74BE0541BB0}.Release|Any CPU.ActiveCfg = Release|Any CPU
		{EE11DC1D-7AC2-448A-98FA-A74BE0541BB0}.Release|Any CPU.Build.0 = Release|Any CPU
	EndGlobalSection
	GlobalSection(SolutionProperties) = preSolution
		HideSolutionNode = FALSE
	EndGlobalSection
	GlobalSection(ExtensibilityGlobals) = postSolution
		SolutionGuid = {8B856608-6A71-4614-B403-1421CB4BEF5F}
	EndGlobalSection
EndGlobal
